
Microsoft Visual Studio Solution File, Format Version 12.00
# Visual Studio Version 17
VisualStudioVersion = 17.14.36203.30 d17.14
MinimumVisualStudioVersion = 10.0.40219.1
Project("{FAE04EC0-301F-11D3-BF4B-00C04F79EFBC}") = "DcsTranslateTool.Win", "DcsTranslateTool.Win\DcsTranslateTool.Win.csproj", "{94E53A54-0F0B-16CA-4B22-6EBFB480E011}"
EndProject
Project("{FAE04EC0-301F-11D3-BF4B-00C04F79EFBC}") = "DcsTranslateTool.Core", "DcsTranslateTool.Core\DcsTranslateTool.Core.csproj", "{426AD5D1-BEA6-4A8F-A7F2-8F3145C2CE84}"
EndProject
Project("{FAE04EC0-301F-11D3-BF4B-00C04F79EFBC}") = "DcsTranslateTool.Win.Tests", "DcsTranslateTool.Win.Tests\DcsTranslateTool.Win.Tests.csproj", "{59D2CC4B-8E32-1C6A-64E5-C544D335F157}"
EndProject
Project("{FAE04EC0-301F-11D3-BF4B-00C04F79EFBC}") = "DcsTranslateTool.Core.Tests", "DcsTranslateTool.Core.Tests\DcsTranslateTool.Core.Tests.csproj", "{40D94029-BDA4-66E1-83DB-DD029D3FF7B7}"
EndProject
Global
	GlobalSection(SolutionConfigurationPlatforms) = preSolution
		Debug|Any CPU = Debug|Any CPU
		Release|Any CPU = Release|Any CPU
	EndGlobalSection
	GlobalSection(ProjectConfigurationPlatforms) = postSolution
		{94E53A54-0F0B-16CA-4B22-6EBFB480E011}.Debug|Any CPU.ActiveCfg = Debug|Any CPU
		{94E53A54-0F0B-16CA-4B22-6EBFB480E011}.Debug|Any CPU.Build.0 = Debug|Any CPU
		{94E53A54-0F0B-16CA-4B22-6EBFB480E011}.Release|Any CPU.ActiveCfg = Release|Any CPU
		{94E53A54-0F0B-16CA-4B22-6EBFB480E011}.Release|Any CPU.Build.0 = Release|Any CPU
		{59D2CC4B-8E32-1C6A-64E5-C544D335F157}.Debug|Any CPU.ActiveCfg = Debug|Any CPU
		{59D2CC4B-8E32-1C6A-64E5-C544D335F157}.Debug|Any CPU.Build.0 = Debug|Any CPU
		{59D2CC4B-8E32-1C6A-64E5-C544D335F157}.Release|Any CPU.ActiveCfg = Release|Any CPU
		{59D2CC4B-8E32-1C6A-64E5-C544D335F157}.Release|Any CPU.Build.0 = Release|Any CPU
		{40D94029-BDA4-66E1-83DB-DD029D3FF7B7}.Debug|Any CPU.ActiveCfg = Debug|Any CPU
		{40D94029-BDA4-66E1-83DB-DD029D3FF7B7}.Debug|Any CPU.Build.0 = Debug|Any CPU
		{40D94029-BDA4-66E1-83DB-DD029D3FF7B7}.Release|Any CPU.ActiveCfg = Release|Any CPU
		{40D94029-BDA4-66E1-83DB-DD029D3FF7B7}.Release|Any CPU.Build.0 = Release|Any CPU
		{426AD5D1-BEA6-4A8F-A7F2-8F3145C2CE84}.Debug|Any CPU.ActiveCfg = Debug|Any CPU
		{426AD5D1-BEA6-4A8F-A7F2-8F3145C2CE84}.Debug|Any CPU.Build.0 = Debug|Any CPU
		{426AD5D1-BEA6-4A8F-A7F2-8F3145C2CE84}.Release|Any CPU.ActiveCfg = Release|Any CPU
		{426AD5D1-BEA6-4A8F-A7F2-8F3145C2CE84}.Release|Any CPU.Build.0 = Release|Any CPU
	EndGlobalSection
	GlobalSection(SolutionProperties) = preSolution
		HideSolutionNode = FALSE
	EndGlobalSection
	GlobalSection(ExtensibilityGlobals) = postSolution
		SolutionGuid = {89EA05E1-EFE2-4073-B461-32866016BC00}
	EndGlobalSection
EndGlobal
